
Microsoft Visual Studio Solution File, Format Version 12.00
# Visual Studio Version 17
VisualStudioVersion = 17.5.33502.453
MinimumVisualStudioVersion = 10.0.40219.1
Project("{9A19103F-16F7-4668-BE54-9A1E7A4F7556}") = "AGDevX", "AGDevX\AGDevX.csproj", "{A4244190-0582-43F5-B83F-52BF1C021041}"
EndProject
Project("{9A19103F-16F7-4668-BE54-9A1E7A4F7556}") = "AGDevX.Tests", "AGDevX.Tests\AGDevX.Tests.csproj", "{AD6E9F72-FBAF-4B73-9F9A-EF3B72439E1E}"
EndProject
Global
	GlobalSection(SolutionConfigurationPlatforms) = preSolution
		Debug|Any CPU = Debug|Any CPU
		Release|Any CPU = Release|Any CPU
	EndGlobalSection
	GlobalSection(ProjectConfigurationPlatforms) = postSolution
		{A4244190-0582-43F5-B83F-52BF1C021041}.Debug|Any CPU.ActiveCfg = Debug|Any CPU
		{A4244190-0582-43F5-B83F-52BF1C021041}.Debug|Any CPU.Build.0 = Debug|Any CPU
		{A4244190-0582-43F5-B83F-52BF1C021041}.Release|Any CPU.ActiveCfg = Release|Any CPU
		{A4244190-0582-43F5-B83F-52BF1C021041}.Release|Any CPU.Build.0 = Release|Any CPU
		{AD6E9F72-FBAF-4B73-9F9A-EF3B72439E1E}.Debug|Any CPU.ActiveCfg = Debug|Any CPU
		{AD6E9F72-FBAF-4B73-9F9A-EF3B72439E1E}.Debug|Any CPU.Build.0 = Debug|Any CPU
		{AD6E9F72-FBAF-4B73-9F9A-EF3B72439E1E}.Release|Any CPU.ActiveCfg = Release|Any CPU
		{AD6E9F72-FBAF-4B73-9F9A-EF3B72439E1E}.Release|Any CPU.Build.0 = Release|Any CPU
	EndGlobalSection
	GlobalSection(SolutionProperties) = preSolution
		HideSolutionNode = FALSE
	EndGlobalSection
	GlobalSection(ExtensibilityGlobals) = postSolution
		SolutionGuid = {844ABF41-A5A0-4F22-8C49-67F85DA42F7B}
	EndGlobalSection
EndGlobal
